{
    "name": "SpecialNeedsCommunity-main",
    "lockfileVersion": 3,
    "requires": true,
    "packages": {
      "": {
        "dependencies": {
          "flexsearch": "^0.7.43"
        }
      },
      "node_modules/flexsearch": {
        "version": "0.7.43",
        "resolved": "https://registry.npmjs.org/flexsearch/-/flexsearch-0.7.43.tgz",
        "integrity": "sha512-c5o/+Um8aqCSOXGcZoqZOm+NqtVwNsvVpWv6lfmSclU954O3wvQKxxK8zj74fPaSJbXpSLTs4PRhh+wnoCXnKg==",
        "license": "Apache-2.0"
      }
    }
  }  